
Microsoft Visual Studio Solution File, Format Version 12.00
# Visual Studio Version 17
VisualStudioVersion = 17.3.32901.215
MinimumVisualStudioVersion = 10.0.40219.1
Project("{9A19103F-16F7-4668-BE54-9A1E7A4F7556}") = "ProjetoIrmaAdelaide", "ProjetoIrmaAdelaide.csproj", "{4F738F55-5F3D-4DAD-A89B-E29D100A3D60}"
EndProject
Project("{54435603-DBB4-11D2-8724-00A0C9A8B90C}") = "Programa", "instalador\Programa\Programa.vdproj", "{CF42CC85-9618-47E3-A80E-F561D6EE79E0}"
EndProject
Global
	GlobalSection(SolutionConfigurationPlatforms) = preSolution
		Debug|Any CPU = Debug|Any CPU
		Release|Any CPU = Release|Any CPU
	EndGlobalSection
	GlobalSection(ProjectConfigurationPlatforms) = postSolution
		{4F738F55-5F3D-4DAD-A89B-E29D100A3D60}.Debug|Any CPU.ActiveCfg = Debug|Any CPU
		{4F738F55-5F3D-4DAD-A89B-E29D100A3D60}.Debug|Any CPU.Build.0 = Debug|Any CPU
		{4F738F55-5F3D-4DAD-A89B-E29D100A3D60}.Release|Any CPU.ActiveCfg = Release|Any CPU
		{4F738F55-5F3D-4DAD-A89B-E29D100A3D60}.Release|Any CPU.Build.0 = Release|Any CPU
		{CF42CC85-9618-47E3-A80E-F561D6EE79E0}.Debug|Any CPU.ActiveCfg = Debug
		{CF42CC85-9618-47E3-A80E-F561D6EE79E0}.Release|Any CPU.ActiveCfg = Release
	EndGlobalSection
	GlobalSection(SolutionProperties) = preSolution
		HideSolutionNode = FALSE
	EndGlobalSection
	GlobalSection(ExtensibilityGlobals) = postSolution
		SolutionGuid = {D2C8AADC-A779-4B0E-9282-9D9999C4DF0C}
	EndGlobalSection
EndGlobal
